dependencies:
- name: kube-prometheus-stack
  repository: https://prometheus-community.github.io/helm-charts
  version: 61.9.0
- name: knative-operator
  repository: https://knative.github.io/operator
  version: v1.19.0
digest: sha256:a8937521ec01da415dd591cbab597ccaf6bf3a06a7631c29071236e1143adeb2
generated: "2025-08-16T19:00:35.9139369-05:00"
